
Microsoft Visual Studio Solution File, Format Version 12.00
# Visual Studio 2012
Project("{FAE04EC0-301F-11D3-BF4B-00C04F79EFBC}") = "modelgen", "src\modelgen\modelgen.csproj", "{6AFE6DC0-FD86-49DE-82EF-6694E168C220}"
EndProject
Project("{FAE04EC0-301F-11D3-BF4B-00C04F79EFBC}") = "jar2dll", "src\jar2dll\jar2dll.csproj", "{AAAFC366-A3DA-49C3-9DAC-DB0FB3C683E5}"
EndProject
Project("{FAE04EC0-301F-11D3-BF4B-00C04F79EFBC}") = "SystemUtils", "src\SystemUtils\SystemUtils.csproj", "{48CA56C0-2F89-494E-AA26-AB34C0457253}"
EndProject
Project("{FAE04EC0-301F-11D3-BF4B-00C04F79EFBC}") = "jar2json", "src\jar2json\jar2json.csproj", "{0789416D-8D14-435F-99B0-06B88A8DC15E}"
EndProject
Project("{FAE04EC0-301F-11D3-BF4B-00C04F79EFBC}") = "jrun", "src\jrun\jrun.csproj", "{3A0B4FC3-E64C-478F-AC3E-AAD19F27F965}"
EndProject
Project("{FAE04EC0-301F-11D3-BF4B-00C04F79EFBC}") = "cs2java", "src\cs2java\cs2java.csproj", "{EDD98BBA-35CE-43DC-839D-AD5EE192F013}"
EndProject
Project("{FAE04EC0-301F-11D3-BF4B-00C04F79EFBC}") = "cs2java.Tasks", "src\cs2java.Tasks\cs2java.Tasks.csproj", "{C313606A-2B74-4E5E-970C-6E52F9B48589}"
EndProject
Global
	GlobalSection(SubversionScc) = preSolution
		Svn-Managed = True
		Manager = AnkhSVN - Subversion Support for Visual Studio
	EndGlobalSection
	GlobalSection(SolutionConfigurationPlatforms) = preSolution
		Debug|Any CPU = Debug|Any CPU
		Debug|Mixed Platforms = Debug|Mixed Platforms
		Debug|x86 = Debug|x86
		net_2_0_Debug|Any CPU = net_2_0_Debug|Any CPU
		net_2_0_Debug|Mixed Platforms = net_2_0_Debug|Mixed Platforms
		net_2_0_Debug|x86 = net_2_0_Debug|x86
		net_2_0_Release|Any CPU = net_2_0_Release|Any CPU
		net_2_0_Release|Mixed Platforms = net_2_0_Release|Mixed Platforms
		net_2_0_Release|x86 = net_2_0_Release|x86
		net_3_5_Debug|Any CPU = net_3_5_Debug|Any CPU
		net_3_5_Debug|Mixed Platforms = net_3_5_Debug|Mixed Platforms
		net_3_5_Debug|x86 = net_3_5_Debug|x86
		net_3_5_Release|Any CPU = net_3_5_Release|Any CPU
		net_3_5_Release|Mixed Platforms = net_3_5_Release|Mixed Platforms
		net_3_5_Release|x86 = net_3_5_Release|x86
		net_4_0_Debug|Any CPU = net_4_0_Debug|Any CPU
		net_4_0_Debug|Mixed Platforms = net_4_0_Debug|Mixed Platforms
		net_4_0_Debug|x86 = net_4_0_Debug|x86
		net_4_0_Release|Any CPU = net_4_0_Release|Any CPU
		net_4_0_Release|Mixed Platforms = net_4_0_Release|Mixed Platforms
		net_4_0_Release|x86 = net_4_0_Release|x86
		net_4_5_Debug|Any CPU = net_4_5_Debug|Any CPU
		net_4_5_Debug|Mixed Platforms = net_4_5_Debug|Mixed Platforms
		net_4_5_Debug|x86 = net_4_5_Debug|x86
		net_4_5_Release|Any CPU = net_4_5_Release|Any CPU
		net_4_5_Release|Mixed Platforms = net_4_5_Release|Mixed Platforms
		net_4_5_Release|x86 = net_4_5_Release|x86
		Release|Any CPU = Release|Any CPU
		Release|Mixed Platforms = Release|Mixed Platforms
		Release|x86 = Release|x86
		silverlight_Debug|Any CPU = silverlight_Debug|Any CPU
		silverlight_Debug|Mixed Platforms = silverlight_Debug|Mixed Platforms
		silverlight_Debug|x86 = silverlight_Debug|x86
		silverlight_Release|Any CPU = silverlight_Release|Any CPU
		silverlight_Release|Mixed Platforms = silverlight_Release|Mixed Platforms
		silverlight_Release|x86 = silverlight_Release|x86
		winphone_Debug|Any CPU = winphone_Debug|Any CPU
		winphone_Debug|Mixed Platforms = winphone_Debug|Mixed Platforms
		winphone_Debug|x86 = winphone_Debug|x86
		winphone_Release|Any CPU = winphone_Release|Any CPU
		winphone_Release|Mixed Platforms = winphone_Release|Mixed Platforms
		winphone_Release|x86 = winphone_Release|x86
	EndGlobalSection
	GlobalSection(ProjectConfigurationPlatforms) = postSolution
		{6AFE6DC0-FD86-49DE-82EF-6694E168C220}.Debug|Any CPU.ActiveCfg = Debug|Any CPU
		{6AFE6DC0-FD86-49DE-82EF-6694E168C220}.Debug|Any CPU.Build.0 = Debug|Any CPU
		{6AFE6DC0-FD86-49DE-82EF-6694E168C220}.Debug|Mixed Platforms.ActiveCfg = Debug|Any CPU
		{6AFE6DC0-FD86-49DE-82EF-6694E168C220}.Debug|Mixed Platforms.Build.0 = Debug|Any CPU
		{6AFE6DC0-FD86-49DE-82EF-6694E168C220}.Debug|x86.ActiveCfg = Debug|Any CPU
		{6AFE6DC0-FD86-49DE-82EF-6694E168C220}.net_2_0_Debug|Any CPU.ActiveCfg = Debug|Any CPU
		{6AFE6DC0-FD86-49DE-82EF-6694E168C220}.net_2_0_Debug|Any CPU.Build.0 = Debug|Any CPU
		{6AFE6DC0-FD86-49DE-82EF-6694E168C220}.net_2_0_Debug|Mixed Platforms.ActiveCfg = Debug|Any CPU
		{6AFE6DC0-FD86-49DE-82EF-6694E168C220}.net_2_0_Debug|Mixed Platforms.Build.0 = Debug|Any CPU
		{6AFE6DC0-FD86-49DE-82EF-6694E168C220}.net_2_0_Debug|x86.ActiveCfg = Debug|Any CPU
		{6AFE6DC0-FD86-49DE-82EF-6694E168C220}.net_2_0_Release|Any CPU.ActiveCfg = Release|Any CPU
		{6AFE6DC0-FD86-49DE-82EF-6694E168C220}.net_2_0_Release|Any CPU.Build.0 = Release|Any CPU
		{6AFE6DC0-FD86-49DE-82EF-6694E168C220}.net_2_0_Release|Mixed Platforms.ActiveCfg = Release|Any CPU
		{6AFE6DC0-FD86-49DE-82EF-6694E168C220}.net_2_0_Release|Mixed Platforms.Build.0 = Release|Any CPU
		{6AFE6DC0-FD86-49DE-82EF-6694E168C220}.net_2_0_Release|x86.ActiveCfg = Release|Any CPU
		{6AFE6DC0-FD86-49DE-82EF-6694E168C220}.net_3_5_Debug|Any CPU.ActiveCfg = Debug|Any CPU
		{6AFE6DC0-FD86-49DE-82EF-6694E168C220}.net_3_5_Debug|Any CPU.Build.0 = Debug|Any CPU
		{6AFE6DC0-FD86-49DE-82EF-6694E168C220}.net_3_5_Debug|Mixed Platforms.ActiveCfg = Debug|Any CPU
		{6AFE6DC0-FD86-49DE-82EF-6694E168C220}.net_3_5_Debug|Mixed Platforms.Build.0 = Debug|Any CPU
		{6AFE6DC0-FD86-49DE-82EF-6694E168C220}.net_3_5_Debug|x86.ActiveCfg = Debug|Any CPU
		{6AFE6DC0-FD86-49DE-82EF-6694E168C220}.net_3_5_Release|Any CPU.ActiveCfg = Release|Any CPU
		{6AFE6DC0-FD86-49DE-82EF-6694E168C220}.net_3_5_Release|Any CPU.Build.0 = Release|Any CPU
		{6AFE6DC0-FD86-49DE-82EF-6694E168C220}.net_3_5_Release|Mixed Platforms.ActiveCfg = Release|Any CPU
		{6AFE6DC0-FD86-49DE-82EF-6694E168C220}.net_3_5_Release|Mixed Platforms.Build.0 = Release|Any CPU
		{6AFE6DC0-FD86-49DE-82EF-6694E168C220}.net_3_5_Release|x86.ActiveCfg = Release|Any CPU
		{6AFE6DC0-FD86-49DE-82EF-6694E168C220}.net_4_0_Debug|Any CPU.ActiveCfg = Debug|Any CPU
		{6AFE6DC0-FD86-49DE-82EF-6694E168C220}.net_4_0_Debug|Any CPU.Build.0 = Debug|Any CPU
		{6AFE6DC0-FD86-49DE-82EF-6694E168C220}.net_4_0_Debug|Mixed Platforms.ActiveCfg = Debug|Any CPU
		{6AFE6DC0-FD86-49DE-82EF-6694E168C220}.net_4_0_Debug|Mixed Platforms.Build.0 = Debug|Any CPU
		{6AFE6DC0-FD86-49DE-82EF-6694E168C220}.net_4_0_Debug|x86.ActiveCfg = Debug|Any CPU
		{6AFE6DC0-FD86-49DE-82EF-6694E168C220}.net_4_0_Release|Any CPU.ActiveCfg = Release|Any CPU
		{6AFE6DC0-FD86-49DE-82EF-6694E168C220}.net_4_0_Release|Any CPU.Build.0 = Release|Any CPU
		{6AFE6DC0-FD86-49DE-82EF-6694E168C220}.net_4_0_Release|Mixed Platforms.ActiveCfg = Release|Any CPU
		{6AFE6DC0-FD86-49DE-82EF-6694E168C220}.net_4_0_Release|Mixed Platforms.Build.0 = Release|Any CPU
		{6AFE6DC0-FD86-49DE-82EF-6694E168C220}.net_4_0_Release|x86.ActiveCfg = Release|Any CPU
		{6AFE6DC0-FD86-49DE-82EF-6694E168C220}.net_4_5_Debug|Any CPU.ActiveCfg = Debug|Any CPU
		{6AFE6DC0-FD86-49DE-82EF-6694E168C220}.net_4_5_Debug|Any CPU.Build.0 = Debug|Any CPU
		{6AFE6DC0-FD86-49DE-82EF-6694E168C220}.net_4_5_Debug|Mixed Platforms.ActiveCfg = Debug|Any CPU
		{6AFE6DC0-FD86-49DE-82EF-6694E168C220}.net_4_5_Debug|Mixed Platforms.Build.0 = Debug|Any CPU
		{6AFE6DC0-FD86-49DE-82EF-6694E168C220}.net_4_5_Debug|x86.ActiveCfg = Debug|Any CPU
		{6AFE6DC0-FD86-49DE-82EF-6694E168C220}.net_4_5_Release|Any CPU.ActiveCfg = Release|Any CPU
		{6AFE6DC0-FD86-49DE-82EF-6694E168C220}.net_4_5_Release|Any CPU.Build.0 = Release|Any CPU
		{6AFE6DC0-FD86-49DE-82EF-6694E168C220}.net_4_5_Release|Mixed Platforms.ActiveCfg = Release|Any CPU
		{6AFE6DC0-FD86-49DE-82EF-6694E168C220}.net_4_5_Release|Mixed Platforms.Build.0 = Release|Any CPU
		{6AFE6DC0-FD86-49DE-82EF-6694E168C220}.net_4_5_Release|x86.ActiveCfg = Release|Any CPU
		{6AFE6DC0-FD86-49DE-82EF-6694E168C220}.Release|Any CPU.ActiveCfg = Release|Any CPU
		{6AFE6DC0-FD86-49DE-82EF-6694E168C220}.Release|Any CPU.Build.0 = Release|Any CPU
		{6AFE6DC0-FD86-49DE-82EF-6694E168C220}.Release|Mixed Platforms.ActiveCfg = Release|Any CPU
		{6AFE6DC0-FD86-49DE-82EF-6694E168C220}.Release|Mixed Platforms.Build.0 = Release|Any CPU
		{6AFE6DC0-FD86-49DE-82EF-6694E168C220}.Release|x86.ActiveCfg = Release|Any CPU
		{6AFE6DC0-FD86-49DE-82EF-6694E168C220}.silverlight_Debug|Any CPU.ActiveCfg = Debug|Any CPU
		{6AFE6DC0-FD86-49DE-82EF-6694E168C220}.silverlight_Debug|Any CPU.Build.0 = Debug|Any CPU
		{6AFE6DC0-FD86-49DE-82EF-6694E168C220}.silverlight_Debug|Mixed Platforms.ActiveCfg = Debug|Any CPU
		{6AFE6DC0-FD86-49DE-82EF-6694E168C220}.silverlight_Debug|Mixed Platforms.Build.0 = Debug|Any CPU
		{6AFE6DC0-FD86-49DE-82EF-6694E168C220}.silverlight_Debug|x86.ActiveCfg = Debug|Any CPU
		{6AFE6DC0-FD86-49DE-82EF-6694E168C220}.silverlight_Release|Any CPU.ActiveCfg = Release|Any CPU
		{6AFE6DC0-FD86-49DE-82EF-6694E168C220}.silverlight_Release|Any CPU.Build.0 = Release|Any CPU
		{6AFE6DC0-FD86-49DE-82EF-6694E168C220}.silverlight_Release|Mixed Platforms.ActiveCfg = Release|Any CPU
		{6AFE6DC0-FD86-49DE-82EF-6694E168C220}.silverlight_Release|Mixed Platforms.Build.0 = Release|Any CPU
		{6AFE6DC0-FD86-49DE-82EF-6694E168C220}.silverlight_Release|x86.ActiveCfg = Release|Any CPU
		{6AFE6DC0-FD86-49DE-82EF-6694E168C220}.winphone_Debug|Any CPU.ActiveCfg = Debug|Any CPU
		{6AFE6DC0-FD86-49DE-82EF-6694E168C220}.winphone_Debug|Any CPU.Build.0 = Debug|Any CPU
		{6AFE6DC0-FD86-49DE-82EF-6694E168C220}.winphone_Debug|Mixed Platforms.ActiveCfg = Debug|Any CPU
		{6AFE6DC0-FD86-49DE-82EF-6694E168C220}.winphone_Debug|Mixed Platforms.Build.0 = Debug|Any CPU
		{6AFE6DC0-FD86-49DE-82EF-6694E168C220}.winphone_Debug|x86.ActiveCfg = Debug|Any CPU
		{6AFE6DC0-FD86-49DE-82EF-6694E168C220}.winphone_Release|Any CPU.ActiveCfg = Release|Any CPU
		{6AFE6DC0-FD86-49DE-82EF-6694E168C220}.winphone_Release|Any CPU.Build.0 = Release|Any CPU
		{6AFE6DC0-FD86-49DE-82EF-6694E168C220}.winphone_Release|Mixed Platforms.ActiveCfg = Release|Any CPU
		{6AFE6DC0-FD86-49DE-82EF-6694E168C220}.winphone_Release|Mixed Platforms.Build.0 = Release|Any CPU
		{6AFE6DC0-FD86-49DE-82EF-6694E168C220}.winphone_Release|x86.ActiveCfg = Release|Any CPU
		{AAAFC366-A3DA-49C3-9DAC-DB0FB3C683E5}.Debug|Any CPU.ActiveCfg = Debug|Any CPU
		{AAAFC366-A3DA-49C3-9DAC-DB0FB3C683E5}.Debug|Any CPU.Build.0 = Debug|Any CPU
		{AAAFC366-A3DA-49C3-9DAC-DB0FB3C683E5}.Debug|Mixed Platforms.ActiveCfg = Debug|Any CPU
		{AAAFC366-A3DA-49C3-9DAC-DB0FB3C683E5}.Debug|Mixed Platforms.Build.0 = Debug|Any CPU
		{AAAFC366-A3DA-49C3-9DAC-DB0FB3C683E5}.Debug|x86.ActiveCfg = Debug|Any CPU
		{AAAFC366-A3DA-49C3-9DAC-DB0FB3C683E5}.net_2_0_Debug|Any CPU.ActiveCfg = Debug|Any CPU
		{AAAFC366-A3DA-49C3-9DAC-DB0FB3C683E5}.net_2_0_Debug|Any CPU.Build.0 = Debug|Any CPU
		{AAAFC366-A3DA-49C3-9DAC-DB0FB3C683E5}.net_2_0_Debug|Mixed Platforms.ActiveCfg = Debug|Any CPU
		{AAAFC366-A3DA-49C3-9DAC-DB0FB3C683E5}.net_2_0_Debug|Mixed Platforms.Build.0 = Debug|Any CPU
		{AAAFC366-A3DA-49C3-9DAC-DB0FB3C683E5}.net_2_0_Debug|x86.ActiveCfg = Debug|Any CPU
		{AAAFC366-A3DA-49C3-9DAC-DB0FB3C683E5}.net_2_0_Release|Any CPU.ActiveCfg = Release|Any CPU
		{AAAFC366-A3DA-49C3-9DAC-DB0FB3C683E5}.net_2_0_Release|Any CPU.Build.0 = Release|Any CPU
		{AAAFC366-A3DA-49C3-9DAC-DB0FB3C683E5}.net_2_0_Release|Mixed Platforms.ActiveCfg = Release|Any CPU
		{AAAFC366-A3DA-49C3-9DAC-DB0FB3C683E5}.net_2_0_Release|Mixed Platforms.Build.0 = Release|Any CPU
		{AAAFC366-A3DA-49C3-9DAC-DB0FB3C683E5}.net_2_0_Release|x86.ActiveCfg = Release|Any CPU
		{AAAFC366-A3DA-49C3-9DAC-DB0FB3C683E5}.net_3_5_Debug|Any CPU.ActiveCfg = Debug|Any CPU
		{AAAFC366-A3DA-49C3-9DAC-DB0FB3C683E5}.net_3_5_Debug|Any CPU.Build.0 = Debug|Any CPU
		{AAAFC366-A3DA-49C3-9DAC-DB0FB3C683E5}.net_3_5_Debug|Mixed Platforms.ActiveCfg = Debug|Any CPU
		{AAAFC366-A3DA-49C3-9DAC-DB0FB3C683E5}.net_3_5_Debug|Mixed Platforms.Build.0 = Debug|Any CPU
		{AAAFC366-A3DA-49C3-9DAC-DB0FB3C683E5}.net_3_5_Debug|x86.ActiveCfg = Debug|Any CPU
		{AAAFC366-A3DA-49C3-9DAC-DB0FB3C683E5}.net_3_5_Release|Any CPU.ActiveCfg = Release|Any CPU
		{AAAFC366-A3DA-49C3-9DAC-DB0FB3C683E5}.net_3_5_Release|Any CPU.Build.0 = Release|Any CPU
		{AAAFC366-A3DA-49C3-9DAC-DB0FB3C683E5}.net_3_5_Release|Mixed Platforms.ActiveCfg = Release|Any CPU
		{AAAFC366-A3DA-49C3-9DAC-DB0FB3C683E5}.net_3_5_Release|Mixed Platforms.Build.0 = Release|Any CPU
		{AAAFC366-A3DA-49C3-9DAC-DB0FB3C683E5}.net_3_5_Release|x86.ActiveCfg = Release|Any CPU
		{AAAFC366-A3DA-49C3-9DAC-DB0FB3C683E5}.net_4_0_Debug|Any CPU.ActiveCfg = Debug|Any CPU
		{AAAFC366-A3DA-49C3-9DAC-DB0FB3C683E5}.net_4_0_Debug|Any CPU.Build.0 = Debug|Any CPU
		{AAAFC366-A3DA-49C3-9DAC-DB0FB3C683E5}.net_4_0_Debug|Mixed Platforms.ActiveCfg = Debug|Any CPU
		{AAAFC366-A3DA-49C3-9DAC-DB0FB3C683E5}.net_4_0_Debug|Mixed Platforms.Build.0 = Debug|Any CPU
		{AAAFC366-A3DA-49C3-9DAC-DB0FB3C683E5}.net_4_0_Debug|x86.ActiveCfg = Debug|Any CPU
		{AAAFC366-A3DA-49C3-9DAC-DB0FB3C683E5}.net_4_0_Release|Any CPU.ActiveCfg = Release|Any CPU
		{AAAFC366-A3DA-49C3-9DAC-DB0FB3C683E5}.net_4_0_Release|Any CPU.Build.0 = Release|Any CPU
		{AAAFC366-A3DA-49C3-9DAC-DB0FB3C683E5}.net_4_0_Release|Mixed Platforms.ActiveCfg = Release|Any CPU
		{AAAFC366-A3DA-49C3-9DAC-DB0FB3C683E5}.net_4_0_Release|Mixed Platforms.Build.0 = Release|Any CPU
		{AAAFC366-A3DA-49C3-9DAC-DB0FB3C683E5}.net_4_0_Release|x86.ActiveCfg = Release|Any CPU
		{AAAFC366-A3DA-49C3-9DAC-DB0FB3C683E5}.net_4_5_Debug|Any CPU.ActiveCfg = Debug|Any CPU
		{AAAFC366-A3DA-49C3-9DAC-DB0FB3C683E5}.net_4_5_Debug|Any CPU.Build.0 = Debug|Any CPU
		{AAAFC366-A3DA-49C3-9DAC-DB0FB3C683E5}.net_4_5_Debug|Mixed Platforms.ActiveCfg = Debug|Any CPU
		{AAAFC366-A3DA-49C3-9DAC-DB0FB3C683E5}.net_4_5_Debug|Mixed Platforms.Build.0 = Debug|Any CPU
		{AAAFC366-A3DA-49C3-9DAC-DB0FB3C683E5}.net_4_5_Debug|x86.ActiveCfg = Debug|Any CPU
		{AAAFC366-A3DA-49C3-9DAC-DB0FB3C683E5}.net_4_5_Release|Any CPU.ActiveCfg = Release|Any CPU
		{AAAFC366-A3DA-49C3-9DAC-DB0FB3C683E5}.net_4_5_Release|Any CPU.Build.0 = Release|Any CPU
		{AAAFC366-A3DA-49C3-9DAC-DB0FB3C683E5}.net_4_5_Release|Mixed Platforms.ActiveCfg = Release|Any CPU
		{AAAFC366-A3DA-49C3-9DAC-DB0FB3C683E5}.net_4_5_Release|Mixed Platforms.Build.0 = Release|Any CPU
		{AAAFC366-A3DA-49C3-9DAC-DB0FB3C683E5}.net_4_5_Release|x86.ActiveCfg = Release|Any CPU
		{AAAFC366-A3DA-49C3-9DAC-DB0FB3C683E5}.Release|Any CPU.ActiveCfg = Release|Any CPU
		{AAAFC366-A3DA-49C3-9DAC-DB0FB3C683E5}.Release|Any CPU.Build.0 = Release|Any CPU
		{AAAFC366-A3DA-49C3-9DAC-DB0FB3C683E5}.Release|Mixed Platforms.ActiveCfg = Release|Any CPU
		{AAAFC366-A3DA-49C3-9DAC-DB0FB3C683E5}.Release|Mixed Platforms.Build.0 = Release|Any CPU
		{AAAFC366-A3DA-49C3-9DAC-DB0FB3C683E5}.Release|x86.ActiveCfg = Release|Any CPU
		{AAAFC366-A3DA-49C3-9DAC-DB0FB3C683E5}.silverlight_Debug|Any CPU.ActiveCfg = Debug|Any CPU
		{AAAFC366-A3DA-49C3-9DAC-DB0FB3C683E5}.silverlight_Debug|Any CPU.Build.0 = Debug|Any CPU
		{AAAFC366-A3DA-49C3-9DAC-DB0FB3C683E5}.silverlight_Debug|Mixed Platforms.ActiveCfg = Debug|Any CPU
		{AAAFC366-A3DA-49C3-9DAC-DB0FB3C683E5}.silverlight_Debug|Mixed Platforms.Build.0 = Debug|Any CPU
		{AAAFC366-A3DA-49C3-9DAC-DB0FB3C683E5}.silverlight_Debug|x86.ActiveCfg = Debug|Any CPU
		{AAAFC366-A3DA-49C3-9DAC-DB0FB3C683E5}.silverlight_Release|Any CPU.ActiveCfg = Release|Any CPU
		{AAAFC366-A3DA-49C3-9DAC-DB0FB3C683E5}.silverlight_Release|Any CPU.Build.0 = Release|Any CPU
		{AAAFC366-A3DA-49C3-9DAC-DB0FB3C683E5}.silverlight_Release|Mixed Platforms.ActiveCfg = Release|Any CPU
		{AAAFC366-A3DA-49C3-9DAC-DB0FB3C683E5}.silverlight_Release|Mixed Platforms.Build.0 = Release|Any CPU
		{AAAFC366-A3DA-49C3-9DAC-DB0FB3C683E5}.silverlight_Release|x86.ActiveCfg = Release|Any CPU
		{AAAFC366-A3DA-49C3-9DAC-DB0FB3C683E5}.winphone_Debug|Any CPU.ActiveCfg = Debug|Any CPU
		{AAAFC366-A3DA-49C3-9DAC-DB0FB3C683E5}.winphone_Debug|Any CPU.Build.0 = Debug|Any CPU
		{AAAFC366-A3DA-49C3-9DAC-DB0FB3C683E5}.winphone_Debug|Mixed Platforms.ActiveCfg = Debug|Any CPU
		{AAAFC366-A3DA-49C3-9DAC-DB0FB3C683E5}.winphone_Debug|Mixed Platforms.Build.0 = Debug|Any CPU
		{AAAFC366-A3DA-49C3-9DAC-DB0FB3C683E5}.winphone_Debug|x86.ActiveCfg = Debug|Any CPU
		{AAAFC366-A3DA-49C3-9DAC-DB0FB3C683E5}.winphone_Release|Any CPU.ActiveCfg = Release|Any CPU
		{AAAFC366-A3DA-49C3-9DAC-DB0FB3C683E5}.winphone_Release|Any CPU.Build.0 = Release|Any CPU
		{AAAFC366-A3DA-49C3-9DAC-DB0FB3C683E5}.winphone_Release|Mixed Platforms.ActiveCfg = Release|Any CPU
		{AAAFC366-A3DA-49C3-9DAC-DB0FB3C683E5}.winphone_Release|Mixed Platforms.Build.0 = Release|Any CPU
		{AAAFC366-A3DA-49C3-9DAC-DB0FB3C683E5}.winphone_Release|x86.ActiveCfg = Release|Any CPU
		{48CA56C0-2F89-494E-AA26-AB34C0457253}.Debug|Any CPU.ActiveCfg = Debug|Any CPU
		{48CA56C0-2F89-494E-AA26-AB34C0457253}.Debug|Any CPU.Build.0 = Debug|Any CPU
		{48CA56C0-2F89-494E-AA26-AB34C0457253}.Debug|Mixed Platforms.ActiveCfg = Debug|Any CPU
		{48CA56C0-2F89-494E-AA26-AB34C0457253}.Debug|Mixed Platforms.Build.0 = Debug|Any CPU
		{48CA56C0-2F89-494E-AA26-AB34C0457253}.Debug|x86.ActiveCfg = Debug|Any CPU
		{48CA56C0-2F89-494E-AA26-AB34C0457253}.net_2_0_Debug|Any CPU.ActiveCfg = Debug|Any CPU
		{48CA56C0-2F89-494E-AA26-AB34C0457253}.net_2_0_Debug|Any CPU.Build.0 = Debug|Any CPU
		{48CA56C0-2F89-494E-AA26-AB34C0457253}.net_2_0_Debug|Mixed Platforms.ActiveCfg = Debug|Any CPU
		{48CA56C0-2F89-494E-AA26-AB34C0457253}.net_2_0_Debug|Mixed Platforms.Build.0 = Debug|Any CPU
		{48CA56C0-2F89-494E-AA26-AB34C0457253}.net_2_0_Debug|x86.ActiveCfg = Debug|Any CPU
		{48CA56C0-2F89-494E-AA26-AB34C0457253}.net_2_0_Release|Any CPU.ActiveCfg = Release|Any CPU
		{48CA56C0-2F89-494E-AA26-AB34C0457253}.net_2_0_Release|Any CPU.Build.0 = Release|Any CPU
		{48CA56C0-2F89-494E-AA26-AB34C0457253}.net_2_0_Release|Mixed Platforms.ActiveCfg = Release|Any CPU
		{48CA56C0-2F89-494E-AA26-AB34C0457253}.net_2_0_Release|Mixed Platforms.Build.0 = Release|Any CPU
		{48CA56C0-2F89-494E-AA26-AB34C0457253}.net_2_0_Release|x86.ActiveCfg = Release|Any CPU
		{48CA56C0-2F89-494E-AA26-AB34C0457253}.net_3_5_Debug|Any CPU.ActiveCfg = Debug|Any CPU
		{48CA56C0-2F89-494E-AA26-AB34C0457253}.net_3_5_Debug|Any CPU.Build.0 = Debug|Any CPU
		{48CA56C0-2F89-494E-AA26-AB34C0457253}.net_3_5_Debug|Mixed Platforms.ActiveCfg = Debug|Any CPU
		{48CA56C0-2F89-494E-AA26-AB34C0457253}.net_3_5_Debug|Mixed Platforms.Build.0 = Debug|Any CPU
		{48CA56C0-2F89-494E-AA26-AB34C0457253}.net_3_5_Debug|x86.ActiveCfg = Debug|Any CPU
		{48CA56C0-2F89-494E-AA26-AB34C0457253}.net_3_5_Release|Any CPU.ActiveCfg = Release|Any CPU
		{48CA56C0-2F89-494E-AA26-AB34C0457253}.net_3_5_Release|Any CPU.Build.0 = Release|Any CPU
		{48CA56C0-2F89-494E-AA26-AB34C0457253}.net_3_5_Release|Mixed Platforms.ActiveCfg = Release|Any CPU
		{48CA56C0-2F89-494E-AA26-AB34C0457253}.net_3_5_Release|Mixed Platforms.Build.0 = Release|Any CPU
		{48CA56C0-2F89-494E-AA26-AB34C0457253}.net_3_5_Release|x86.ActiveCfg = Release|Any CPU
		{48CA56C0-2F89-494E-AA26-AB34C0457253}.net_4_0_Debug|Any CPU.ActiveCfg = Debug|Any CPU
		{48CA56C0-2F89-494E-AA26-AB34C0457253}.net_4_0_Debug|Any CPU.Build.0 = Debug|Any CPU
		{48CA56C0-2F89-494E-AA26-AB34C0457253}.net_4_0_Debug|Mixed Platforms.ActiveCfg = Debug|Any CPU
		{48CA56C0-2F89-494E-AA26-AB34C0457253}.net_4_0_Debug|Mixed Platforms.Build.0 = Debug|Any CPU
		{48CA56C0-2F89-494E-AA26-AB34C0457253}.net_4_0_Debug|x86.ActiveCfg = Debug|Any CPU
		{48CA56C0-2F89-494E-AA26-AB34C0457253}.net_4_0_Release|Any CPU.ActiveCfg = Release|Any CPU
		{48CA56C0-2F89-494E-AA26-AB34C0457253}.net_4_0_Release|Any CPU.Build.0 = Release|Any CPU
		{48CA56C0-2F89-494E-AA26-AB34C0457253}.net_4_0_Release|Mixed Platforms.ActiveCfg = Release|Any CPU
		{48CA56C0-2F89-494E-AA26-AB34C0457253}.net_4_0_Release|Mixed Platforms.Build.0 = Release|Any CPU
		{48CA56C0-2F89-494E-AA26-AB34C0457253}.net_4_0_Release|x86.ActiveCfg = Release|Any CPU
		{48CA56C0-2F89-494E-AA26-AB34C0457253}.net_4_5_Debug|Any CPU.ActiveCfg = Debug|Any CPU
		{48CA56C0-2F89-494E-AA26-AB34C0457253}.net_4_5_Debug|Any CPU.Build.0 = Debug|Any CPU
		{48CA56C0-2F89-494E-AA26-AB34C0457253}.net_4_5_Debug|Mixed Platforms.ActiveCfg = Debug|Any CPU
		{48CA56C0-2F89-494E-AA26-AB34C0457253}.net_4_5_Debug|Mixed Platforms.Build.0 = Debug|Any CPU
		{48CA56C0-2F89-494E-AA26-AB34C0457253}.net_4_5_Debug|x86.ActiveCfg = Debug|Any CPU
		{48CA56C0-2F89-494E-AA26-AB34C0457253}.net_4_5_Release|Any CPU.ActiveCfg = Release|Any CPU
		{48CA56C0-2F89-494E-AA26-AB34C0457253}.net_4_5_Release|Any CPU.Build.0 = Release|Any CPU
		{48CA56C0-2F89-494E-AA26-AB34C0457253}.net_4_5_Release|Mixed Platforms.ActiveCfg = Release|Any CPU
		{48CA56C0-2F89-494E-AA26-AB34C0457253}.net_4_5_Release|Mixed Platforms.Build.0 = Release|Any CPU
		{48CA56C0-2F89-494E-AA26-AB34C0457253}.net_4_5_Release|x86.ActiveCfg = Release|Any CPU
		{48CA56C0-2F89-494E-AA26-AB34C0457253}.Release|Any CPU.ActiveCfg = Release|Any CPU
		{48CA56C0-2F89-494E-AA26-AB34C0457253}.Release|Any CPU.Build.0 = Release|Any CPU
		{48CA56C0-2F89-494E-AA26-AB34C0457253}.Release|Mixed Platforms.ActiveCfg = Release|Any CPU
		{48CA56C0-2F89-494E-AA26-AB34C0457253}.Release|Mixed Platforms.Build.0 = Release|Any CPU
		{48CA56C0-2F89-494E-AA26-AB34C0457253}.Release|x86.ActiveCfg = Release|Any CPU
		{48CA56C0-2F89-494E-AA26-AB34C0457253}.silverlight_Debug|Any CPU.ActiveCfg = Debug|Any CPU
		{48CA56C0-2F89-494E-AA26-AB34C0457253}.silverlight_Debug|Any CPU.Build.0 = Debug|Any CPU
		{48CA56C0-2F89-494E-AA26-AB34C0457253}.silverlight_Debug|Mixed Platforms.ActiveCfg = Debug|Any CPU
		{48CA56C0-2F89-494E-AA26-AB34C0457253}.silverlight_Debug|Mixed Platforms.Build.0 = Debug|Any CPU
		{48CA56C0-2F89-494E-AA26-AB34C0457253}.silverlight_Debug|x86.ActiveCfg = Debug|Any CPU
		{48CA56C0-2F89-494E-AA26-AB34C0457253}.silverlight_Release|Any CPU.ActiveCfg = Release|Any CPU
		{48CA56C0-2F89-494E-AA26-AB34C0457253}.silverlight_Release|Any CPU.Build.0 = Release|Any CPU
		{48CA56C0-2F89-494E-AA26-AB34C0457253}.silverlight_Release|Mixed Platforms.ActiveCfg = Release|Any CPU
		{48CA56C0-2F89-494E-AA26-AB34C0457253}.silverlight_Release|Mixed Platforms.Build.0 = Release|Any CPU
		{48CA56C0-2F89-494E-AA26-AB34C0457253}.silverlight_Release|x86.ActiveCfg = Release|Any CPU
		{48CA56C0-2F89-494E-AA26-AB34C0457253}.winphone_Debug|Any CPU.ActiveCfg = Debug|Any CPU
		{48CA56C0-2F89-494E-AA26-AB34C0457253}.winphone_Debug|Any CPU.Build.0 = Debug|Any CPU
		{48CA56C0-2F89-494E-AA26-AB34C0457253}.winphone_Debug|Mixed Platforms.ActiveCfg = Debug|Any CPU
		{48CA56C0-2F89-494E-AA26-AB34C0457253}.winphone_Debug|Mixed Platforms.Build.0 = Debug|Any CPU
		{48CA56C0-2F89-494E-AA26-AB34C0457253}.winphone_Debug|x86.ActiveCfg = Debug|Any CPU
		{48CA56C0-2F89-494E-AA26-AB34C0457253}.winphone_Release|Any CPU.ActiveCfg = Release|Any CPU
		{48CA56C0-2F89-494E-AA26-AB34C0457253}.winphone_Release|Any CPU.Build.0 = Release|Any CPU
		{48CA56C0-2F89-494E-AA26-AB34C0457253}.winphone_Release|Mixed Platforms.ActiveCfg = Release|Any CPU
		{48CA56C0-2F89-494E-AA26-AB34C0457253}.winphone_Release|Mixed Platforms.Build.0 = Release|Any CPU
		{48CA56C0-2F89-494E-AA26-AB34C0457253}.winphone_Release|x86.ActiveCfg = Release|Any CPU
		{0789416D-8D14-435F-99B0-06B88A8DC15E}.Debug|Any CPU.ActiveCfg = Debug|Any CPU
		{0789416D-8D14-435F-99B0-06B88A8DC15E}.Debug|Any CPU.Build.0 = Debug|Any CPU
		{0789416D-8D14-435F-99B0-06B88A8DC15E}.Debug|Mixed Platforms.ActiveCfg = Debug|Any CPU
		{0789416D-8D14-435F-99B0-06B88A8DC15E}.Debug|Mixed Platforms.Build.0 = Debug|Any CPU
		{0789416D-8D14-435F-99B0-06B88A8DC15E}.Debug|x86.ActiveCfg = Debug|Any CPU
		{0789416D-8D14-435F-99B0-06B88A8DC15E}.net_2_0_Debug|Any CPU.ActiveCfg = Debug|Any CPU
		{0789416D-8D14-435F-99B0-06B88A8DC15E}.net_2_0_Debug|Any CPU.Build.0 = Debug|Any CPU
		{0789416D-8D14-435F-99B0-06B88A8DC15E}.net_2_0_Debug|Mixed Platforms.ActiveCfg = Debug|Any CPU
		{0789416D-8D14-435F-99B0-06B88A8DC15E}.net_2_0_Debug|Mixed Platforms.Build.0 = Debug|Any CPU
		{0789416D-8D14-435F-99B0-06B88A8DC15E}.net_2_0_Debug|x86.ActiveCfg = Debug|Any CPU
		{0789416D-8D14-435F-99B0-06B88A8DC15E}.net_2_0_Release|Any CPU.ActiveCfg = Release|Any CPU
		{0789416D-8D14-435F-99B0-06B88A8DC15E}.net_2_0_Release|Any CPU.Build.0 = Release|Any CPU
		{0789416D-8D14-435F-99B0-06B88A8DC15E}.net_2_0_Release|Mixed Platforms.ActiveCfg = Release|Any CPU
		{0789416D-8D14-435F-99B0-06B88A8DC15E}.net_2_0_Release|Mixed Platforms.Build.0 = Release|Any CPU
		{0789416D-8D14-435F-99B0-06B88A8DC15E}.net_2_0_Release|x86.ActiveCfg = Release|Any CPU
		{0789416D-8D14-435F-99B0-06B88A8DC15E}.net_3_5_Debug|Any CPU.ActiveCfg = Debug|Any CPU
		{0789416D-8D14-435F-99B0-06B88A8DC15E}.net_3_5_Debug|Any CPU.Build.0 = Debug|Any CPU
		{0789416D-8D14-435F-99B0-06B88A8DC15E}.net_3_5_Debug|Mixed Platforms.ActiveCfg = Debug|Any CPU
		{0789416D-8D14-435F-99B0-06B88A8DC15E}.net_3_5_Debug|Mixed Platforms.Build.0 = Debug|Any CPU
		{0789416D-8D14-435F-99B0-06B88A8DC15E}.net_3_5_Debug|x86.ActiveCfg = Debug|Any CPU
		{0789416D-8D14-435F-99B0-06B88A8DC15E}.net_3_5_Release|Any CPU.ActiveCfg = Release|Any CPU
		{0789416D-8D14-435F-99B0-06B88A8DC15E}.net_3_5_Release|Any CPU.Build.0 = Release|Any CPU
		{0789416D-8D14-435F-99B0-06B88A8DC15E}.net_3_5_Release|Mixed Platforms.ActiveCfg = Release|Any CPU
		{0789416D-8D14-435F-99B0-06B88A8DC15E}.net_3_5_Release|Mixed Platforms.Build.0 = Release|Any CPU
		{0789416D-8D14-435F-99B0-06B88A8DC15E}.net_3_5_Release|x86.ActiveCfg = Release|Any CPU
		{0789416D-8D14-435F-99B0-06B88A8DC15E}.net_4_0_Debug|Any CPU.ActiveCfg = Debug|Any CPU
		{0789416D-8D14-435F-99B0-06B88A8DC15E}.net_4_0_Debug|Any CPU.Build.0 = Debug|Any CPU
		{0789416D-8D14-435F-99B0-06B88A8DC15E}.net_4_0_Debug|Mixed Platforms.ActiveCfg = Debug|Any CPU
		{0789416D-8D14-435F-99B0-06B88A8DC15E}.net_4_0_Debug|Mixed Platforms.Build.0 = Debug|Any CPU
		{0789416D-8D14-435F-99B0-06B88A8DC15E}.net_4_0_Debug|x86.ActiveCfg = Debug|Any CPU
		{0789416D-8D14-435F-99B0-06B88A8DC15E}.net_4_0_Release|Any CPU.ActiveCfg = Release|Any CPU
		{0789416D-8D14-435F-99B0-06B88A8DC15E}.net_4_0_Release|Any CPU.Build.0 = Release|Any CPU
		{0789416D-8D14-435F-99B0-06B88A8DC15E}.net_4_0_Release|Mixed Platforms.ActiveCfg = Release|Any CPU
		{0789416D-8D14-435F-99B0-06B88A8DC15E}.net_4_0_Release|Mixed Platforms.Build.0 = Release|Any CPU
		{0789416D-8D14-435F-99B0-06B88A8DC15E}.net_4_0_Release|x86.ActiveCfg = Release|Any CPU
		{0789416D-8D14-435F-99B0-06B88A8DC15E}.net_4_5_Debug|Any CPU.ActiveCfg = Debug|Any CPU
		{0789416D-8D14-435F-99B0-06B88A8DC15E}.net_4_5_Debug|Any CPU.Build.0 = Debug|Any CPU
		{0789416D-8D14-435F-99B0-06B88A8DC15E}.net_4_5_Debug|Mixed Platforms.ActiveCfg = Debug|Any CPU
		{0789416D-8D14-435F-99B0-06B88A8DC15E}.net_4_5_Debug|Mixed Platforms.Build.0 = Debug|Any CPU
		{0789416D-8D14-435F-99B0-06B88A8DC15E}.net_4_5_Debug|x86.ActiveCfg = Debug|Any CPU
		{0789416D-8D14-435F-99B0-06B88A8DC15E}.net_4_5_Release|Any CPU.ActiveCfg = Release|Any CPU
		{0789416D-8D14-435F-99B0-06B88A8DC15E}.net_4_5_Release|Any CPU.Build.0 = Release|Any CPU
		{0789416D-8D14-435F-99B0-06B88A8DC15E}.net_4_5_Release|Mixed Platforms.ActiveCfg = Release|Any CPU
		{0789416D-8D14-435F-99B0-06B88A8DC15E}.net_4_5_Release|Mixed Platforms.Build.0 = Release|Any CPU
		{0789416D-8D14-435F-99B0-06B88A8DC15E}.net_4_5_Release|x86.ActiveCfg = Release|Any CPU
		{0789416D-8D14-435F-99B0-06B88A8DC15E}.Release|Any CPU.ActiveCfg = Release|Any CPU
		{0789416D-8D14-435F-99B0-06B88A8DC15E}.Release|Any CPU.Build.0 = Release|Any CPU
		{0789416D-8D14-435F-99B0-06B88A8DC15E}.Release|Mixed Platforms.ActiveCfg = Release|Any CPU
		{0789416D-8D14-435F-99B0-06B88A8DC15E}.Release|Mixed Platforms.Build.0 = Release|Any CPU
		{0789416D-8D14-435F-99B0-06B88A8DC15E}.Release|x86.ActiveCfg = Release|Any CPU
		{0789416D-8D14-435F-99B0-06B88A8DC15E}.silverlight_Debug|Any CPU.ActiveCfg = Debug|Any CPU
		{0789416D-8D14-435F-99B0-06B88A8DC15E}.silverlight_Debug|Any CPU.Build.0 = Debug|Any CPU
		{0789416D-8D14-435F-99B0-06B88A8DC15E}.silverlight_Debug|Mixed Platforms.ActiveCfg = Debug|Any CPU
		{0789416D-8D14-435F-99B0-06B88A8DC15E}.silverlight_Debug|Mixed Platforms.Build.0 = Debug|Any CPU
		{0789416D-8D14-435F-99B0-06B88A8DC15E}.silverlight_Debug|x86.ActiveCfg = Debug|Any CPU
		{0789416D-8D14-435F-99B0-06B88A8DC15E}.silverlight_Release|Any CPU.ActiveCfg = Release|Any CPU
		{0789416D-8D14-435F-99B0-06B88A8DC15E}.silverlight_Release|Any CPU.Build.0 = Release|Any CPU
		{0789416D-8D14-435F-99B0-06B88A8DC15E}.silverlight_Release|Mixed Platforms.ActiveCfg = Release|Any CPU
		{0789416D-8D14-435F-99B0-06B88A8DC15E}.silverlight_Release|Mixed Platforms.Build.0 = Release|Any CPU
		{0789416D-8D14-435F-99B0-06B88A8DC15E}.silverlight_Release|x86.ActiveCfg = Release|Any CPU
		{0789416D-8D14-435F-99B0-06B88A8DC15E}.winphone_Debug|Any CPU.ActiveCfg = Debug|Any CPU
		{0789416D-8D14-435F-99B0-06B88A8DC15E}.winphone_Debug|Any CPU.Build.0 = Debug|Any CPU
		{0789416D-8D14-435F-99B0-06B88A8DC15E}.winphone_Debug|Mixed Platforms.ActiveCfg = Debug|Any CPU
		{0789416D-8D14-435F-99B0-06B88A8DC15E}.winphone_Debug|Mixed Platforms.Build.0 = Debug|Any CPU
		{0789416D-8D14-435F-99B0-06B88A8DC15E}.winphone_Debug|x86.ActiveCfg = Debug|Any CPU
		{0789416D-8D14-435F-99B0-06B88A8DC15E}.winphone_Release|Any CPU.ActiveCfg = Release|Any CPU
		{0789416D-8D14-435F-99B0-06B88A8DC15E}.winphone_Release|Any CPU.Build.0 = Release|Any CPU
		{0789416D-8D14-435F-99B0-06B88A8DC15E}.winphone_Release|Mixed Platforms.ActiveCfg = Release|Any CPU
		{0789416D-8D14-435F-99B0-06B88A8DC15E}.winphone_Release|Mixed Platforms.Build.0 = Release|Any CPU
		{0789416D-8D14-435F-99B0-06B88A8DC15E}.winphone_Release|x86.ActiveCfg = Release|Any CPU
		{3A0B4FC3-E64C-478F-AC3E-AAD19F27F965}.Debug|Any CPU.ActiveCfg = Debug|Any CPU
		{3A0B4FC3-E64C-478F-AC3E-AAD19F27F965}.Debug|Any CPU.Build.0 = Debug|Any CPU
		{3A0B4FC3-E64C-478F-AC3E-AAD19F27F965}.Debug|Mixed Platforms.ActiveCfg = Debug|Any CPU
		{3A0B4FC3-E64C-478F-AC3E-AAD19F27F965}.Debug|Mixed Platforms.Build.0 = Debug|Any CPU
		{3A0B4FC3-E64C-478F-AC3E-AAD19F27F965}.Debug|x86.ActiveCfg = Debug|Any CPU
		{3A0B4FC3-E64C-478F-AC3E-AAD19F27F965}.net_2_0_Debug|Any CPU.ActiveCfg = Debug|Any CPU
		{3A0B4FC3-E64C-478F-AC3E-AAD19F27F965}.net_2_0_Debug|Any CPU.Build.0 = Debug|Any CPU
		{3A0B4FC3-E64C-478F-AC3E-AAD19F27F965}.net_2_0_Debug|Mixed Platforms.ActiveCfg = Debug|Any CPU
		{3A0B4FC3-E64C-478F-AC3E-AAD19F27F965}.net_2_0_Debug|Mixed Platforms.Build.0 = Debug|Any CPU
		{3A0B4FC3-E64C-478F-AC3E-AAD19F27F965}.net_2_0_Debug|x86.ActiveCfg = Debug|Any CPU
		{3A0B4FC3-E64C-478F-AC3E-AAD19F27F965}.net_2_0_Release|Any CPU.ActiveCfg = Release|Any CPU
		{3A0B4FC3-E64C-478F-AC3E-AAD19F27F965}.net_2_0_Release|Any CPU.Build.0 = Release|Any CPU
		{3A0B4FC3-E64C-478F-AC3E-AAD19F27F965}.net_2_0_Release|Mixed Platforms.ActiveCfg = Release|Any CPU
		{3A0B4FC3-E64C-478F-AC3E-AAD19F27F965}.net_2_0_Release|Mixed Platforms.Build.0 = Release|Any CPU
		{3A0B4FC3-E64C-478F-AC3E-AAD19F27F965}.net_2_0_Release|x86.ActiveCfg = Release|Any CPU
		{3A0B4FC3-E64C-478F-AC3E-AAD19F27F965}.net_3_5_Debug|Any CPU.ActiveCfg = Debug|Any CPU
		{3A0B4FC3-E64C-478F-AC3E-AAD19F27F965}.net_3_5_Debug|Any CPU.Build.0 = Debug|Any CPU
		{3A0B4FC3-E64C-478F-AC3E-AAD19F27F965}.net_3_5_Debug|Mixed Platforms.ActiveCfg = Debug|Any CPU
		{3A0B4FC3-E64C-478F-AC3E-AAD19F27F965}.net_3_5_Debug|Mixed Platforms.Build.0 = Debug|Any CPU
		{3A0B4FC3-E64C-478F-AC3E-AAD19F27F965}.net_3_5_Debug|x86.ActiveCfg = Debug|Any CPU
		{3A0B4FC3-E64C-478F-AC3E-AAD19F27F965}.net_3_5_Release|Any CPU.ActiveCfg = Release|Any CPU
		{3A0B4FC3-E64C-478F-AC3E-AAD19F27F965}.net_3_5_Release|Any CPU.Build.0 = Release|Any CPU
		{3A0B4FC3-E64C-478F-AC3E-AAD19F27F965}.net_3_5_Release|Mixed Platforms.ActiveCfg = Release|Any CPU
		{3A0B4FC3-E64C-478F-AC3E-AAD19F27F965}.net_3_5_Release|Mixed Platforms.Build.0 = Release|Any CPU
		{3A0B4FC3-E64C-478F-AC3E-AAD19F27F965}.net_3_5_Release|x86.ActiveCfg = Release|Any CPU
		{3A0B4FC3-E64C-478F-AC3E-AAD19F27F965}.net_4_0_Debug|Any CPU.ActiveCfg = Debug|Any CPU
		{3A0B4FC3-E64C-478F-AC3E-AAD19F27F965}.net_4_0_Debug|Any CPU.Build.0 = Debug|Any CPU
		{3A0B4FC3-E64C-478F-AC3E-AAD19F27F965}.net_4_0_Debug|Mixed Platforms.ActiveCfg = Debug|Any CPU
		{3A0B4FC3-E64C-478F-AC3E-AAD19F27F965}.net_4_0_Debug|Mixed Platforms.Build.0 = Debug|Any CPU
		{3A0B4FC3-E64C-478F-AC3E-AAD19F27F965}.net_4_0_Debug|x86.ActiveCfg = Debug|Any CPU
		{3A0B4FC3-E64C-478F-AC3E-AAD19F27F965}.net_4_0_Release|Any CPU.ActiveCfg = Release|Any CPU
		{3A0B4FC3-E64C-478F-AC3E-AAD19F27F965}.net_4_0_Release|Any CPU.Build.0 = Release|Any CPU
		{3A0B4FC3-E64C-478F-AC3E-AAD19F27F965}.net_4_0_Release|Mixed Platforms.ActiveCfg = Release|Any CPU
		{3A0B4FC3-E64C-478F-AC3E-AAD19F27F965}.net_4_0_Release|Mixed Platforms.Build.0 = Release|Any CPU
		{3A0B4FC3-E64C-478F-AC3E-AAD19F27F965}.net_4_0_Release|x86.ActiveCfg = Release|Any CPU
		{3A0B4FC3-E64C-478F-AC3E-AAD19F27F965}.net_4_5_Debug|Any CPU.ActiveCfg = Debug|Any CPU
		{3A0B4FC3-E64C-478F-AC3E-AAD19F27F965}.net_4_5_Debug|Any CPU.Build.0 = Debug|Any CPU
		{3A0B4FC3-E64C-478F-AC3E-AAD19F27F965}.net_4_5_Debug|Mixed Platforms.ActiveCfg = Debug|Any CPU
		{3A0B4FC3-E64C-478F-AC3E-AAD19F27F965}.net_4_5_Debug|Mixed Platforms.Build.0 = Debug|Any CPU
		{3A0B4FC3-E64C-478F-AC3E-AAD19F27F965}.net_4_5_Debug|x86.ActiveCfg = Debug|Any CPU
		{3A0B4FC3-E64C-478F-AC3E-AAD19F27F965}.net_4_5_Release|Any CPU.ActiveCfg = Release|Any CPU
		{3A0B4FC3-E64C-478F-AC3E-AAD19F27F965}.net_4_5_Release|Any CPU.Build.0 = Release|Any CPU
		{3A0B4FC3-E64C-478F-AC3E-AAD19F27F965}.net_4_5_Release|Mixed Platforms.ActiveCfg = Release|Any CPU
		{3A0B4FC3-E64C-478F-AC3E-AAD19F27F965}.net_4_5_Release|Mixed Platforms.Build.0 = Release|Any CPU
		{3A0B4FC3-E64C-478F-AC3E-AAD19F27F965}.net_4_5_Release|x86.ActiveCfg = Release|Any CPU
		{3A0B4FC3-E64C-478F-AC3E-AAD19F27F965}.Release|Any CPU.ActiveCfg = Release|Any CPU
		{3A0B4FC3-E64C-478F-AC3E-AAD19F27F965}.Release|Any CPU.Build.0 = Release|Any CPU
		{3A0B4FC3-E64C-478F-AC3E-AAD19F27F965}.Release|Mixed Platforms.ActiveCfg = Release|Any CPU
		{3A0B4FC3-E64C-478F-AC3E-AAD19F27F965}.Release|Mixed Platforms.Build.0 = Release|Any CPU
		{3A0B4FC3-E64C-478F-AC3E-AAD19F27F965}.Release|x86.ActiveCfg = Release|Any CPU
		{3A0B4FC3-E64C-478F-AC3E-AAD19F27F965}.silverlight_Debug|Any CPU.ActiveCfg = Debug|Any CPU
		{3A0B4FC3-E64C-478F-AC3E-AAD19F27F965}.silverlight_Debug|Any CPU.Build.0 = Debug|Any CPU
		{3A0B4FC3-E64C-478F-AC3E-AAD19F27F965}.silverlight_Debug|Mixed Platforms.ActiveCfg = Debug|Any CPU
		{3A0B4FC3-E64C-478F-AC3E-AAD19F27F965}.silverlight_Debug|Mixed Platforms.Build.0 = Debug|Any CPU
		{3A0B4FC3-E64C-478F-AC3E-AAD19F27F965}.silverlight_Debug|x86.ActiveCfg = Debug|Any CPU
		{3A0B4FC3-E64C-478F-AC3E-AAD19F27F965}.silverlight_Release|Any CPU.ActiveCfg = Release|Any CPU
		{3A0B4FC3-E64C-478F-AC3E-AAD19F27F965}.silverlight_Release|Any CPU.Build.0 = Release|Any CPU
		{3A0B4FC3-E64C-478F-AC3E-AAD19F27F965}.silverlight_Release|Mixed Platforms.ActiveCfg = Release|Any CPU
		{3A0B4FC3-E64C-478F-AC3E-AAD19F27F965}.silverlight_Release|Mixed Platforms.Build.0 = Release|Any CPU
		{3A0B4FC3-E64C-478F-AC3E-AAD19F27F965}.silverlight_Release|x86.ActiveCfg = Release|Any CPU
		{3A0B4FC3-E64C-478F-AC3E-AAD19F27F965}.winphone_Debug|Any CPU.ActiveCfg = Debug|Any CPU
		{3A0B4FC3-E64C-478F-AC3E-AAD19F27F965}.winphone_Debug|Any CPU.Build.0 = Debug|Any CPU
		{3A0B4FC3-E64C-478F-AC3E-AAD19F27F965}.winphone_Debug|Mixed Platforms.ActiveCfg = Debug|Any CPU
		{3A0B4FC3-E64C-478F-AC3E-AAD19F27F965}.winphone_Debug|Mixed Platforms.Build.0 = Debug|Any CPU
		{3A0B4FC3-E64C-478F-AC3E-AAD19F27F965}.winphone_Debug|x86.ActiveCfg = Debug|Any CPU
		{3A0B4FC3-E64C-478F-AC3E-AAD19F27F965}.winphone_Release|Any CPU.ActiveCfg = Release|Any CPU
		{3A0B4FC3-E64C-478F-AC3E-AAD19F27F965}.winphone_Release|Any CPU.Build.0 = Release|Any CPU
		{3A0B4FC3-E64C-478F-AC3E-AAD19F27F965}.winphone_Release|Mixed Platforms.ActiveCfg = Release|Any CPU
		{3A0B4FC3-E64C-478F-AC3E-AAD19F27F965}.winphone_Release|Mixed Platforms.Build.0 = Release|Any CPU
		{3A0B4FC3-E64C-478F-AC3E-AAD19F27F965}.winphone_Release|x86.ActiveCfg = Release|Any CPU
		{EDD98BBA-35CE-43DC-839D-AD5EE192F013}.Debug|Any CPU.ActiveCfg = Debug|Any CPU
		{EDD98BBA-35CE-43DC-839D-AD5EE192F013}.Debug|Any CPU.Build.0 = Debug|Any CPU
		{EDD98BBA-35CE-43DC-839D-AD5EE192F013}.Debug|Mixed Platforms.ActiveCfg = Debug|Any CPU
		{EDD98BBA-35CE-43DC-839D-AD5EE192F013}.Debug|Mixed Platforms.Build.0 = Debug|Any CPU
		{EDD98BBA-35CE-43DC-839D-AD5EE192F013}.Debug|x86.ActiveCfg = Debug|Any CPU
		{EDD98BBA-35CE-43DC-839D-AD5EE192F013}.net_2_0_Debug|Any CPU.ActiveCfg = Debug|Any CPU
		{EDD98BBA-35CE-43DC-839D-AD5EE192F013}.net_2_0_Debug|Any CPU.Build.0 = Debug|Any CPU
		{EDD98BBA-35CE-43DC-839D-AD5EE192F013}.net_2_0_Debug|Mixed Platforms.ActiveCfg = Debug|Any CPU
		{EDD98BBA-35CE-43DC-839D-AD5EE192F013}.net_2_0_Debug|Mixed Platforms.Build.0 = Debug|Any CPU
		{EDD98BBA-35CE-43DC-839D-AD5EE192F013}.net_2_0_Debug|x86.ActiveCfg = Debug|Any CPU
		{EDD98BBA-35CE-43DC-839D-AD5EE192F013}.net_2_0_Release|Any CPU.ActiveCfg = Release|Any CPU
		{EDD98BBA-35CE-43DC-839D-AD5EE192F013}.net_2_0_Release|Any CPU.Build.0 = Release|Any CPU
		{EDD98BBA-35CE-43DC-839D-AD5EE192F013}.net_2_0_Release|Mixed Platforms.ActiveCfg = Release|Any CPU
		{EDD98BBA-35CE-43DC-839D-AD5EE192F013}.net_2_0_Release|Mixed Platforms.Build.0 = Release|Any CPU
		{EDD98BBA-35CE-43DC-839D-AD5EE192F013}.net_2_0_Release|x86.ActiveCfg = Release|Any CPU
		{EDD98BBA-35CE-43DC-839D-AD5EE192F013}.net_3_5_Debug|Any CPU.ActiveCfg = Debug|Any CPU
		{EDD98BBA-35CE-43DC-839D-AD5EE192F013}.net_3_5_Debug|Any CPU.Build.0 = Debug|Any CPU
		{EDD98BBA-35CE-43DC-839D-AD5EE192F013}.net_3_5_Debug|Mixed Platforms.ActiveCfg = Debug|Any CPU
		{EDD98BBA-35CE-43DC-839D-AD5EE192F013}.net_3_5_Debug|Mixed Platforms.Build.0 = Debug|Any CPU
		{EDD98BBA-35CE-43DC-839D-AD5EE192F013}.net_3_5_Debug|x86.ActiveCfg = Debug|Any CPU
		{EDD98BBA-35CE-43DC-839D-AD5EE192F013}.net_3_5_Release|Any CPU.ActiveCfg = Release|Any CPU
		{EDD98BBA-35CE-43DC-839D-AD5EE192F013}.net_3_5_Release|Any CPU.Build.0 = Release|Any CPU
		{EDD98BBA-35CE-43DC-839D-AD5EE192F013}.net_3_5_Release|Mixed Platforms.ActiveCfg = Release|Any CPU
		{EDD98BBA-35CE-43DC-839D-AD5EE192F013}.net_3_5_Release|Mixed Platforms.Build.0 = Release|Any CPU
		{EDD98BBA-35CE-43DC-839D-AD5EE192F013}.net_3_5_Release|x86.ActiveCfg = Release|Any CPU
		{EDD98BBA-35CE-43DC-839D-AD5EE192F013}.net_4_0_Debug|Any CPU.ActiveCfg = Debug|Any CPU
		{EDD98BBA-35CE-43DC-839D-AD5EE192F013}.net_4_0_Debug|Any CPU.Build.0 = Debug|Any CPU
		{EDD98BBA-35CE-43DC-839D-AD5EE192F013}.net_4_0_Debug|Mixed Platforms.ActiveCfg = Debug|Any CPU
		{EDD98BBA-35CE-43DC-839D-AD5EE192F013}.net_4_0_Debug|Mixed Platforms.Build.0 = Debug|Any CPU
		{EDD98BBA-35CE-43DC-839D-AD5EE192F013}.net_4_0_Debug|x86.ActiveCfg = Debug|Any CPU
		{EDD98BBA-35CE-43DC-839D-AD5EE192F013}.net_4_0_Release|Any CPU.ActiveCfg = Release|Any CPU
		{EDD98BBA-35CE-43DC-839D-AD5EE192F013}.net_4_0_Release|Any CPU.Build.0 = Release|Any CPU
		{EDD98BBA-35CE-43DC-839D-AD5EE192F013}.net_4_0_Release|Mixed Platforms.ActiveCfg = Release|Any CPU
		{EDD98BBA-35CE-43DC-839D-AD5EE192F013}.net_4_0_Release|Mixed Platforms.Build.0 = Release|Any CPU
		{EDD98BBA-35CE-43DC-839D-AD5EE192F013}.net_4_0_Release|x86.ActiveCfg = Release|Any CPU
		{EDD98BBA-35CE-43DC-839D-AD5EE192F013}.net_4_5_Debug|Any CPU.ActiveCfg = Debug|Any CPU
		{EDD98BBA-35CE-43DC-839D-AD5EE192F013}.net_4_5_Debug|Any CPU.Build.0 = Debug|Any CPU
		{EDD98BBA-35CE-43DC-839D-AD5EE192F013}.net_4_5_Debug|Mixed Platforms.ActiveCfg = Debug|Any CPU
		{EDD98BBA-35CE-43DC-839D-AD5EE192F013}.net_4_5_Debug|Mixed Platforms.Build.0 = Debug|Any CPU
		{EDD98BBA-35CE-43DC-839D-AD5EE192F013}.net_4_5_Debug|x86.ActiveCfg = Debug|Any CPU
		{EDD98BBA-35CE-43DC-839D-AD5EE192F013}.net_4_5_Release|Any CPU.ActiveCfg = Release|Any CPU
		{EDD98BBA-35CE-43DC-839D-AD5EE192F013}.net_4_5_Release|Any CPU.Build.0 = Release|Any CPU
		{EDD98BBA-35CE-43DC-839D-AD5EE192F013}.net_4_5_Release|Mixed Platforms.ActiveCfg = Release|Any CPU
		{EDD98BBA-35CE-43DC-839D-AD5EE192F013}.net_4_5_Release|Mixed Platforms.Build.0 = Release|Any CPU
		{EDD98BBA-35CE-43DC-839D-AD5EE192F013}.net_4_5_Release|x86.ActiveCfg = Release|Any CPU
		{EDD98BBA-35CE-43DC-839D-AD5EE192F013}.Release|Any CPU.ActiveCfg = Release|Any CPU
		{EDD98BBA-35CE-43DC-839D-AD5EE192F013}.Release|Any CPU.Build.0 = Release|Any CPU
		{EDD98BBA-35CE-43DC-839D-AD5EE192F013}.Release|Mixed Platforms.ActiveCfg = Release|Any CPU
		{EDD98BBA-35CE-43DC-839D-AD5EE192F013}.Release|Mixed Platforms.Build.0 = Release|Any CPU
		{EDD98BBA-35CE-43DC-839D-AD5EE192F013}.Release|x86.ActiveCfg = Release|Any CPU
		{EDD98BBA-35CE-43DC-839D-AD5EE192F013}.silverlight_Debug|Any CPU.ActiveCfg = Debug|Any CPU
		{EDD98BBA-35CE-43DC-839D-AD5EE192F013}.silverlight_Debug|Any CPU.Build.0 = Debug|Any CPU
		{EDD98BBA-35CE-43DC-839D-AD5EE192F013}.silverlight_Debug|Mixed Platforms.ActiveCfg = Debug|Any CPU
		{EDD98BBA-35CE-43DC-839D-AD5EE192F013}.silverlight_Debug|Mixed Platforms.Build.0 = Debug|Any CPU
		{EDD98BBA-35CE-43DC-839D-AD5EE192F013}.silverlight_Debug|x86.ActiveCfg = Debug|Any CPU
		{EDD98BBA-35CE-43DC-839D-AD5EE192F013}.silverlight_Release|Any CPU.ActiveCfg = Release|Any CPU
		{EDD98BBA-35CE-43DC-839D-AD5EE192F013}.silverlight_Release|Any CPU.Build.0 = Release|Any CPU
		{EDD98BBA-35CE-43DC-839D-AD5EE192F013}.silverlight_Release|Mixed Platforms.ActiveCfg = Release|Any CPU
		{EDD98BBA-35CE-43DC-839D-AD5EE192F013}.silverlight_Release|Mixed Platforms.Build.0 = Release|Any CPU
		{EDD98BBA-35CE-43DC-839D-AD5EE192F013}.silverlight_Release|x86.ActiveCfg = Release|Any CPU
		{EDD98BBA-35CE-43DC-839D-AD5EE192F013}.winphone_Debug|Any CPU.ActiveCfg = Debug|Any CPU
		{EDD98BBA-35CE-43DC-839D-AD5EE192F013}.winphone_Debug|Any CPU.Build.0 = Debug|Any CPU
		{EDD98BBA-35CE-43DC-839D-AD5EE192F013}.winphone_Debug|Mixed Platforms.ActiveCfg = Debug|Any CPU
		{EDD98BBA-35CE-43DC-839D-AD5EE192F013}.winphone_Debug|Mixed Platforms.Build.0 = Debug|Any CPU
		{EDD98BBA-35CE-43DC-839D-AD5EE192F013}.winphone_Debug|x86.ActiveCfg = Debug|Any CPU
		{EDD98BBA-35CE-43DC-839D-AD5EE192F013}.winphone_Release|Any CPU.ActiveCfg = Release|Any CPU
		{EDD98BBA-35CE-43DC-839D-AD5EE192F013}.winphone_Release|Any CPU.Build.0 = Release|Any CPU
		{EDD98BBA-35CE-43DC-839D-AD5EE192F013}.winphone_Release|Mixed Platforms.ActiveCfg = Release|Any CPU
		{EDD98BBA-35CE-43DC-839D-AD5EE192F013}.winphone_Release|Mixed Platforms.Build.0 = Release|Any CPU
		{EDD98BBA-35CE-43DC-839D-AD5EE192F013}.winphone_Release|x86.ActiveCfg = Release|Any CPU
		{C313606A-2B74-4E5E-970C-6E52F9B48589}.Debug|Any CPU.ActiveCfg = Debug|Any CPU
		{C313606A-2B74-4E5E-970C-6E52F9B48589}.Debug|Any CPU.Build.0 = Debug|Any CPU
		{C313606A-2B74-4E5E-970C-6E52F9B48589}.Debug|Mixed Platforms.ActiveCfg = Debug|Any CPU
		{C313606A-2B74-4E5E-970C-6E52F9B48589}.Debug|Mixed Platforms.Build.0 = Debug|Any CPU
		{C313606A-2B74-4E5E-970C-6E52F9B48589}.Debug|x86.ActiveCfg = Debug|Any CPU
		{C313606A-2B74-4E5E-970C-6E52F9B48589}.net_2_0_Debug|Any CPU.ActiveCfg = Debug|Any CPU
		{C313606A-2B74-4E5E-970C-6E52F9B48589}.net_2_0_Debug|Any CPU.Build.0 = Debug|Any CPU
		{C313606A-2B74-4E5E-970C-6E52F9B48589}.net_2_0_Debug|Mixed Platforms.ActiveCfg = Debug|Any CPU
		{C313606A-2B74-4E5E-970C-6E52F9B48589}.net_2_0_Debug|Mixed Platforms.Build.0 = Debug|Any CPU
		{C313606A-2B74-4E5E-970C-6E52F9B48589}.net_2_0_Debug|x86.ActiveCfg = Debug|Any CPU
		{C313606A-2B74-4E5E-970C-6E52F9B48589}.net_2_0_Release|Any CPU.ActiveCfg = Release|Any CPU
		{C313606A-2B74-4E5E-970C-6E52F9B48589}.net_2_0_Release|Any CPU.Build.0 = Release|Any CPU
		{C313606A-2B74-4E5E-970C-6E52F9B48589}.net_2_0_Release|Mixed Platforms.ActiveCfg = Release|Any CPU
		{C313606A-2B74-4E5E-970C-6E52F9B48589}.net_2_0_Release|Mixed Platforms.Build.0 = Release|Any CPU
		{C313606A-2B74-4E5E-970C-6E52F9B48589}.net_2_0_Release|x86.ActiveCfg = Release|Any CPU
		{C313606A-2B74-4E5E-970C-6E52F9B48589}.net_3_5_Debug|Any CPU.ActiveCfg = Debug|Any CPU
		{C313606A-2B74-4E5E-970C-6E52F9B48589}.net_3_5_Debug|Any CPU.Build.0 = Debug|Any CPU
		{C313606A-2B74-4E5E-970C-6E52F9B48589}.net_3_5_Debug|Mixed Platforms.ActiveCfg = Debug|Any CPU
		{C313606A-2B74-4E5E-970C-6E52F9B48589}.net_3_5_Debug|Mixed Platforms.Build.0 = Debug|Any CPU
		{C313606A-2B74-4E5E-970C-6E52F9B48589}.net_3_5_Debug|x86.ActiveCfg = Debug|Any CPU
		{C313606A-2B74-4E5E-970C-6E52F9B48589}.net_3_5_Release|Any CPU.ActiveCfg = Release|Any CPU
		{C313606A-2B74-4E5E-970C-6E52F9B48589}.net_3_5_Release|Any CPU.Build.0 = Release|Any CPU
		{C313606A-2B74-4E5E-970C-6E52F9B48589}.net_3_5_Release|Mixed Platforms.ActiveCfg = Release|Any CPU
		{C313606A-2B74-4E5E-970C-6E52F9B48589}.net_3_5_Release|Mixed Platforms.Build.0 = Release|Any CPU
		{C313606A-2B74-4E5E-970C-6E52F9B48589}.net_3_5_Release|x86.ActiveCfg = Release|Any CPU
		{C313606A-2B74-4E5E-970C-6E52F9B48589}.net_4_0_Debug|Any CPU.ActiveCfg = Debug|Any CPU
		{C313606A-2B74-4E5E-970C-6E52F9B48589}.net_4_0_Debug|Any CPU.Build.0 = Debug|Any CPU
		{C313606A-2B74-4E5E-970C-6E52F9B48589}.net_4_0_Debug|Mixed Platforms.ActiveCfg = Debug|Any CPU
		{C313606A-2B74-4E5E-970C-6E52F9B48589}.net_4_0_Debug|Mixed Platforms.Build.0 = Debug|Any CPU
		{C313606A-2B74-4E5E-970C-6E52F9B48589}.net_4_0_Debug|x86.ActiveCfg = Debug|Any CPU
		{C313606A-2B74-4E5E-970C-6E52F9B48589}.net_4_0_Release|Any CPU.ActiveCfg = Release|Any CPU
		{C313606A-2B74-4E5E-970C-6E52F9B48589}.net_4_0_Release|Any CPU.Build.0 = Release|Any CPU
		{C313606A-2B74-4E5E-970C-6E52F9B48589}.net_4_0_Release|Mixed Platforms.ActiveCfg = Release|Any CPU
		{C313606A-2B74-4E5E-970C-6E52F9B48589}.net_4_0_Release|Mixed Platforms.Build.0 = Release|Any CPU
		{C313606A-2B74-4E5E-970C-6E52F9B48589}.net_4_0_Release|x86.ActiveCfg = Release|Any CPU
		{C313606A-2B74-4E5E-970C-6E52F9B48589}.net_4_5_Debug|Any CPU.ActiveCfg = Debug|Any CPU
		{C313606A-2B74-4E5E-970C-6E52F9B48589}.net_4_5_Debug|Any CPU.Build.0 = Debug|Any CPU
		{C313606A-2B74-4E5E-970C-6E52F9B48589}.net_4_5_Debug|Mixed Platforms.ActiveCfg = Debug|Any CPU
		{C313606A-2B74-4E5E-970C-6E52F9B48589}.net_4_5_Debug|Mixed Platforms.Build.0 = Debug|Any CPU
		{C313606A-2B74-4E5E-970C-6E52F9B48589}.net_4_5_Debug|x86.ActiveCfg = Debug|Any CPU
		{C313606A-2B74-4E5E-970C-6E52F9B48589}.net_4_5_Release|Any CPU.ActiveCfg = Release|Any CPU
		{C313606A-2B74-4E5E-970C-6E52F9B48589}.net_4_5_Release|Any CPU.Build.0 = Release|Any CPU
		{C313606A-2B74-4E5E-970C-6E52F9B48589}.net_4_5_Release|Mixed Platforms.ActiveCfg = Release|Any CPU
		{C313606A-2B74-4E5E-970C-6E52F9B48589}.net_4_5_Release|Mixed Platforms.Build.0 = Release|Any CPU
		{C313606A-2B74-4E5E-970C-6E52F9B48589}.net_4_5_Release|x86.ActiveCfg = Release|Any CPU
		{C313606A-2B74-4E5E-970C-6E52F9B48589}.Release|Any CPU.ActiveCfg = Release|Any CPU
		{C313606A-2B74-4E5E-970C-6E52F9B48589}.Release|Any CPU.Build.0 = Release|Any CPU
		{C313606A-2B74-4E5E-970C-6E52F9B48589}.Release|Mixed Platforms.ActiveCfg = Release|Any CPU
		{C313606A-2B74-4E5E-970C-6E52F9B48589}.Release|Mixed Platforms.Build.0 = Release|Any CPU
		{C313606A-2B74-4E5E-970C-6E52F9B48589}.Release|x86.ActiveCfg = Release|Any CPU
		{C313606A-2B74-4E5E-970C-6E52F9B48589}.silverlight_Debug|Any CPU.ActiveCfg = Debug|Any CPU
		{C313606A-2B74-4E5E-970C-6E52F9B48589}.silverlight_Debug|Any CPU.Build.0 = Debug|Any CPU
		{C313606A-2B74-4E5E-970C-6E52F9B48589}.silverlight_Debug|Mixed Platforms.ActiveCfg = Debug|Any CPU
		{C313606A-2B74-4E5E-970C-6E52F9B48589}.silverlight_Debug|Mixed Platforms.Build.0 = Debug|Any CPU
		{C313606A-2B74-4E5E-970C-6E52F9B48589}.silverlight_Debug|x86.ActiveCfg = Debug|Any CPU
		{C313606A-2B74-4E5E-970C-6E52F9B48589}.silverlight_Release|Any CPU.ActiveCfg = Release|Any CPU
		{C313606A-2B74-4E5E-970C-6E52F9B48589}.silverlight_Release|Any CPU.Build.0 = Release|Any CPU
		{C313606A-2B74-4E5E-970C-6E52F9B48589}.silverlight_Release|Mixed Platforms.ActiveCfg = Release|Any CPU
		{C313606A-2B74-4E5E-970C-6E52F9B48589}.silverlight_Release|Mixed Platforms.Build.0 = Release|Any CPU
		{C313606A-2B74-4E5E-970C-6E52F9B48589}.silverlight_Release|x86.ActiveCfg = Release|Any CPU
		{C313606A-2B74-4E5E-970C-6E52F9B48589}.winphone_Debug|Any CPU.ActiveCfg = Debug|Any CPU
		{C313606A-2B74-4E5E-970C-6E52F9B48589}.winphone_Debug|Any CPU.Build.0 = Debug|Any CPU
		{C313606A-2B74-4E5E-970C-6E52F9B48589}.winphone_Debug|Mixed Platforms.ActiveCfg = Debug|Any CPU
		{C313606A-2B74-4E5E-970C-6E52F9B48589}.winphone_Debug|Mixed Platforms.Build.0 = Debug|Any CPU
		{C313606A-2B74-4E5E-970C-6E52F9B48589}.winphone_Debug|x86.ActiveCfg = Debug|Any CPU
		{C313606A-2B74-4E5E-970C-6E52F9B48589}.winphone_Release|Any CPU.ActiveCfg = Release|Any CPU
		{C313606A-2B74-4E5E-970C-6E52F9B48589}.winphone_Release|Any CPU.Build.0 = Release|Any CPU
		{C313606A-2B74-4E5E-970C-6E52F9B48589}.winphone_Release|Mixed Platforms.ActiveCfg = Release|Any CPU
		{C313606A-2B74-4E5E-970C-6E52F9B48589}.winphone_Release|Mixed Platforms.Build.0 = Release|Any CPU
		{C313606A-2B74-4E5E-970C-6E52F9B48589}.winphone_Release|x86.ActiveCfg = Release|Any CPU
	EndGlobalSection
	GlobalSection(SolutionProperties) = preSolution
		HideSolutionNode = FALSE
	EndGlobalSection
EndGlobal
